
Microsoft Visual Studio Solution File, Format Version 12.00
# Visual Studio Version 17
VisualStudioVersion = 17.0.31903.59
MinimumVisualStudioVersion = 10.0.40219.1
Project("{FAE04EC0-301F-11D3-BF4B-00C04F79EFBC}") = "Drps.Shared", "Drps.Shared\Drps.Shared.csproj", "{40863EDE-6A82-4C2B-BEB9-5A62968B0C79}"
EndProject
Project("{FAE04EC0-301F-11D3-BF4B-00C04F79EFBC}") = "Drps.Ingestion", "Drps.Ingestion\Drps.Ingestion.csproj", "{48D34215-310B-4CC8-A42A-D56C45D706C7}"
EndProject
Project("{FAE04EC0-301F-11D3-BF4B-00C04F79EFBC}") = "Drps.Calculator", "Drps.Calculator\Drps.Calculator.csproj", "{8CB93478-1C1E-47FB-9DAF-92A834F5590F}"
EndProject
Project("{FAE04EC0-301F-11D3-BF4B-00C04F79EFBC}") = "Drps.Gate", "Drps.Gate\Drps.Gate.csproj", "{3882F455-7B90-4BA8-B36A-32BA35490B18}"
EndProject
Project("{FAE04EC0-301F-11D3-BF4B-00C04F79EFBC}") = "Drps.Adjuster", "Drps.Adjuster\Drps.Adjuster.csproj", "{04837E32-576E-49B5-B73E-75D5648C9616}"
EndProject
Project("{FAE04EC0-301F-11D3-BF4B-00C04F79EFBC}") = "Drps.Ledger", "Drps.Ledger\Drps.Ledger.csproj", "{00981F79-9E55-4E34-A3EA-3A4C1B631691}"
EndProject
Project("{FAE04EC0-301F-11D3-BF4B-00C04F79EFBC}") = "Drps.Monolith", "Drps.Monolith\Drps.Monolith.csproj", "{C0C3F521-336E-4490-AAF7-FD7650CA116C}"
EndProject
Project("{FAE04EC0-301F-11D3-BF4B-00C04F79EFBC}") = "Drps.Execution", "Drps.Execution\Drps.Execution.csproj", "{8B1C4134-5F87-419C-A119-8D5C17F877DD}"
EndProject
Project("{FAE04EC0-301F-11D3-BF4B-00C04F79EFBC}") = "Drps.Diagnostics", "Drps.Diagnostics\Drps.Diagnostics.csproj", "{3E77F72E-FC11-4035-8DCE-1B67EE15E36F}"
EndProject
Project("{FAE04EC0-301F-11D3-BF4B-00C04F79EFBC}") = "Drps.Watchdog", "Drps.Watchdog\Drps.Watchdog.csproj", "{F85E91F9-B5C0-4A18-B0B7-CFED27D0F859}"
EndProject
Project("{FAE04EC0-301F-11D3-BF4B-00C04F79EFBC}") = "Drps.Tests.Core", "Drps.Tests.Core\Drps.Tests.Core.csproj", "{38B56164-16B9-492B-AAA9-EE60FB4F6699}"
EndProject
Project("{FAE04EC0-301F-11D3-BF4B-00C04F79EFBC}") = "Drps.Tests.Execution", "Drps.Tests.Execution\Drps.Tests.Execution.csproj", "{B7B6753F-70C0-4A9C-AADB-166D4ADD0A66}"
EndProject
Global
	GlobalSection(SolutionConfigurationPlatforms) = preSolution
		Debug|Any CPU = Debug|Any CPU
		Debug|x64 = Debug|x64
		Debug|x86 = Debug|x86
		Release|Any CPU = Release|Any CPU
		Release|x64 = Release|x64
		Release|x86 = Release|x86
	EndGlobalSection
	GlobalSection(ProjectConfigurationPlatforms) = postSolution
		{40863EDE-6A82-4C2B-BEB9-5A62968B0C79}.Debug|Any CPU.ActiveCfg = Debug|Any CPU
		{40863EDE-6A82-4C2B-BEB9-5A62968B0C79}.Debug|Any CPU.Build.0 = Debug|Any CPU
		{40863EDE-6A82-4C2B-BEB9-5A62968B0C79}.Debug|x64.ActiveCfg = Debug|Any CPU
		{40863EDE-6A82-4C2B-BEB9-5A62968B0C79}.Debug|x64.Build.0 = Debug|Any CPU
		{40863EDE-6A82-4C2B-BEB9-5A62968B0C79}.Debug|x86.ActiveCfg = Debug|Any CPU
		{40863EDE-6A82-4C2B-BEB9-5A62968B0C79}.Debug|x86.Build.0 = Debug|Any CPU
		{40863EDE-6A82-4C2B-BEB9-5A62968B0C79}.Release|Any CPU.ActiveCfg = Release|Any CPU
		{40863EDE-6A82-4C2B-BEB9-5A62968B0C79}.Release|Any CPU.Build.0 = Release|Any CPU
		{40863EDE-6A82-4C2B-BEB9-5A62968B0C79}.Release|x64.ActiveCfg = Release|Any CPU
		{40863EDE-6A82-4C2B-BEB9-5A62968B0C79}.Release|x64.Build.0 = Release|Any CPU
		{40863EDE-6A82-4C2B-BEB9-5A62968B0C79}.Release|x86.ActiveCfg = Release|Any CPU
		{40863EDE-6A82-4C2B-BEB9-5A62968B0C79}.Release|x86.Build.0 = Release|Any CPU
		{48D34215-310B-4CC8-A42A-D56C45D706C7}.Debug|Any CPU.ActiveCfg = Debug|Any CPU
		{48D34215-310B-4CC8-A42A-D56C45D706C7}.Debug|Any CPU.Build.0 = Debug|Any CPU
		{48D34215-310B-4CC8-A42A-D56C45D706C7}.Debug|x64.ActiveCfg = Debug|Any CPU
		{48D34215-310B-4CC8-A42A-D56C45D706C7}.Debug|x64.Build.0 = Debug|Any CPU
		{48D34215-310B-4CC8-A42A-D56C45D706C7}.Debug|x86.ActiveCfg = Debug|Any CPU
		{48D34215-310B-4CC8-A42A-D56C45D706C7}.Debug|x86.Build.0 = Debug|Any CPU
		{48D34215-310B-4CC8-A42A-D56C45D706C7}.Release|Any CPU.ActiveCfg = Release|Any CPU
		{48D34215-310B-4CC8-A42A-D56C45D706C7}.Release|Any CPU.Build.0 = Release|Any CPU
		{48D34215-310B-4CC8-A42A-D56C45D706C7}.Release|x64.ActiveCfg = Release|Any CPU
		{48D34215-310B-4CC8-A42A-D56C45D706C7}.Release|x64.Build.0 = Release|Any CPU
		{48D34215-310B-4CC8-A42A-D56C45D706C7}.Release|x86.ActiveCfg = Release|Any CPU
		{48D34215-310B-4CC8-A42A-D56C45D706C7}.Release|x86.Build.0 = Release|Any CPU
		{8CB93478-1C1E-47FB-9DAF-92A834F5590F}.Debug|Any CPU.ActiveCfg = Debug|Any CPU
		{8CB93478-1C1E-47FB-9DAF-92A834F5590F}.Debug|Any CPU.Build.0 = Debug|Any CPU
		{8CB93478-1C1E-47FB-9DAF-92A834F5590F}.Debug|x64.ActiveCfg = Debug|Any CPU
		{8CB93478-1C1E-47FB-9DAF-92A834F5590F}.Debug|x64.Build.0 = Debug|Any CPU
		{8CB93478-1C1E-47FB-9DAF-92A834F5590F}.Debug|x86.ActiveCfg = Debug|Any CPU
		{8CB93478-1C1E-47FB-9DAF-92A834F5590F}.Debug|x86.Build.0 = Debug|Any CPU
		{8CB93478-1C1E-47FB-9DAF-92A834F5590F}.Release|Any CPU.ActiveCfg = Release|Any CPU
		{8CB93478-1C1E-47FB-9DAF-92A834F5590F}.Release|Any CPU.Build.0 = Release|Any CPU
		{8CB93478-1C1E-47FB-9DAF-92A834F5590F}.Release|x64.ActiveCfg = Release|Any CPU
		{8CB93478-1C1E-47FB-9DAF-92A834F5590F}.Release|x64.Build.0 = Release|Any CPU
		{8CB93478-1C1E-47FB-9DAF-92A834F5590F}.Release|x86.ActiveCfg = Release|Any CPU
		{8CB93478-1C1E-47FB-9DAF-92A834F5590F}.Release|x86.Build.0 = Release|Any CPU
		{3882F455-7B90-4BA8-B36A-32BA35490B18}.Debug|Any CPU.ActiveCfg = Debug|Any CPU
		{3882F455-7B90-4BA8-B36A-32BA35490B18}.Debug|Any CPU.Build.0 = Debug|Any CPU
		{3882F455-7B90-4BA8-B36A-32BA35490B18}.Debug|x64.ActiveCfg = Debug|Any CPU
		{3882F455-7B90-4BA8-B36A-32BA35490B18}.Debug|x64.Build.0 = Debug|Any CPU
		{3882F455-7B90-4BA8-B36A-32BA35490B18}.Debug|x86.ActiveCfg = Debug|Any CPU
		{3882F455-7B90-4BA8-B36A-32BA35490B18}.Debug|x86.Build.0 = Debug|Any CPU
		{3882F455-7B90-4BA8-B36A-32BA35490B18}.Release|Any CPU.ActiveCfg = Release|Any CPU
		{3882F455-7B90-4BA8-B36A-32BA35490B18}.Release|Any CPU.Build.0 = Release|Any CPU
		{3882F455-7B90-4BA8-B36A-32BA35490B18}.Release|x64.ActiveCfg = Release|Any CPU
		{3882F455-7B90-4BA8-B36A-32BA35490B18}.Release|x64.Build.0 = Release|Any CPU
		{3882F455-7B90-4BA8-B36A-32BA35490B18}.Release|x86.ActiveCfg = Release|Any CPU
		{3882F455-7B90-4BA8-B36A-32BA35490B18}.Release|x86.Build.0 = Release|Any CPU
		{04837E32-576E-49B5-B73E-75D5648C9616}.Debug|Any CPU.ActiveCfg = Debug|Any CPU
		{04837E32-576E-49B5-B73E-75D5648C9616}.Debug|Any CPU.Build.0 = Debug|Any CPU
		{04837E32-576E-49B5-B73E-75D5648C9616}.Debug|x64.ActiveCfg = Debug|Any CPU
		{04837E32-576E-49B5-B73E-75D5648C9616}.Debug|x64.Build.0 = Debug|Any CPU
		{04837E32-576E-49B5-B73E-75D5648C9616}.Debug|x86.ActiveCfg = Debug|Any CPU
		{04837E32-576E-49B5-B73E-75D5648C9616}.Debug|x86.Build.0 = Debug|Any CPU
		{04837E32-576E-49B5-B73E-75D5648C9616}.Release|Any CPU.ActiveCfg = Release|Any CPU
		{04837E32-576E-49B5-B73E-75D5648C9616}.Release|Any CPU.Build.0 = Release|Any CPU
		{04837E32-576E-49B5-B73E-75D5648C9616}.Release|x64.ActiveCfg = Release|Any CPU
		{04837E32-576E-49B5-B73E-75D5648C9616}.Release|x64.Build.0 = Release|Any CPU
		{04837E32-576E-49B5-B73E-75D5648C9616}.Release|x86.ActiveCfg = Release|Any CPU
		{04837E32-576E-49B5-B73E-75D5648C9616}.Release|x86.Build.0 = Release|Any CPU
		{00981F79-9E55-4E34-A3EA-3A4C1B631691}.Debug|Any CPU.ActiveCfg = Debug|Any CPU
		{00981F79-9E55-4E34-A3EA-3A4C1B631691}.Debug|Any CPU.Build.0 = Debug|Any CPU
		{00981F79-9E55-4E34-A3EA-3A4C1B631691}.Debug|x64.ActiveCfg = Debug|Any CPU
		{00981F79-9E55-4E34-A3EA-3A4C1B631691}.Debug|x64.Build.0 = Debug|Any CPU
		{00981F79-9E55-4E34-A3EA-3A4C1B631691}.Debug|x86.ActiveCfg = Debug|Any CPU
		{00981F79-9E55-4E34-A3EA-3A4C1B631691}.Debug|x86.Build.0 = Debug|Any CPU
		{00981F79-9E55-4E34-A3EA-3A4C1B631691}.Release|Any CPU.ActiveCfg = Release|Any CPU
		{00981F79-9E55-4E34-A3EA-3A4C1B631691}.Release|Any CPU.Build.0 = Release|Any CPU
		{00981F79-9E55-4E34-A3EA-3A4C1B631691}.Release|x64.ActiveCfg = Release|Any CPU
		{00981F79-9E55-4E34-A3EA-3A4C1B631691}.Release|x64.Build.0 = Release|Any CPU
		{00981F79-9E55-4E34-A3EA-3A4C1B631691}.Release|x86.ActiveCfg = Release|Any CPU
		{00981F79-9E55-4E34-A3EA-3A4C1B631691}.Release|x86.Build.0 = Release|Any CPU
		{C0C3F521-336E-4490-AAF7-FD7650CA116C}.Debug|Any CPU.ActiveCfg = Debug|Any CPU
		{C0C3F521-336E-4490-AAF7-FD7650CA116C}.Debug|Any CPU.Build.0 = Debug|Any CPU
		{C0C3F521-336E-4490-AAF7-FD7650CA116C}.Debug|x64.ActiveCfg = Debug|Any CPU
		{C0C3F521-336E-4490-AAF7-FD7650CA116C}.Debug|x64.Build.0 = Debug|Any CPU
		{C0C3F521-336E-4490-AAF7-FD7650CA116C}.Debug|x86.ActiveCfg = Debug|Any CPU
		{C0C3F521-336E-4490-AAF7-FD7650CA116C}.Debug|x86.Build.0 = Debug|Any CPU
		{C0C3F521-336E-4490-AAF7-FD7650CA116C}.Release|Any CPU.ActiveCfg = Release|Any CPU
		{C0C3F521-336E-4490-AAF7-FD7650CA116C}.Release|Any CPU.Build.0 = Release|Any CPU
		{C0C3F521-336E-4490-AAF7-FD7650CA116C}.Release|x64.ActiveCfg = Release|Any CPU
		{C0C3F521-336E-4490-AAF7-FD7650CA116C}.Release|x64.Build.0 = Release|Any CPU
		{C0C3F521-336E-4490-AAF7-FD7650CA116C}.Release|x86.ActiveCfg = Release|Any CPU
		{C0C3F521-336E-4490-AAF7-FD7650CA116C}.Release|x86.Build.0 = Release|Any CPU
		{8B1C4134-5F87-419C-A119-8D5C17F877DD}.Debug|Any CPU.ActiveCfg = Debug|Any CPU
		{8B1C4134-5F87-419C-A119-8D5C17F877DD}.Debug|Any CPU.Build.0 = Debug|Any CPU
		{8B1C4134-5F87-419C-A119-8D5C17F877DD}.Debug|x64.ActiveCfg = Debug|Any CPU
		{8B1C4134-5F87-419C-A119-8D5C17F877DD}.Debug|x64.Build.0 = Debug|Any CPU
		{8B1C4134-5F87-419C-A119-8D5C17F877DD}.Debug|x86.ActiveCfg = Debug|Any CPU
		{8B1C4134-5F87-419C-A119-8D5C17F877DD}.Debug|x86.Build.0 = Debug|Any CPU
		{8B1C4134-5F87-419C-A119-8D5C17F877DD}.Release|Any CPU.ActiveCfg = Release|Any CPU
		{8B1C4134-5F87-419C-A119-8D5C17F877DD}.Release|Any CPU.Build.0 = Release|Any CPU
		{8B1C4134-5F87-419C-A119-8D5C17F877DD}.Release|x64.ActiveCfg = Release|Any CPU
		{8B1C4134-5F87-419C-A119-8D5C17F877DD}.Release|x64.Build.0 = Release|Any CPU
		{8B1C4134-5F87-419C-A119-8D5C17F877DD}.Release|x86.ActiveCfg = Release|Any CPU
		{8B1C4134-5F87-419C-A119-8D5C17F877DD}.Release|x86.Build.0 = Release|Any CPU
		{3E77F72E-FC11-4035-8DCE-1B67EE15E36F}.Debug|Any CPU.ActiveCfg = Debug|Any CPU
		{3E77F72E-FC11-4035-8DCE-1B67EE15E36F}.Debug|Any CPU.Build.0 = Debug|Any CPU
		{3E77F72E-FC11-4035-8DCE-1B67EE15E36F}.Debug|x64.ActiveCfg = Debug|Any CPU
		{3E77F72E-FC11-4035-8DCE-1B67EE15E36F}.Debug|x64.Build.0 = Debug|Any CPU
		{3E77F72E-FC11-4035-8DCE-1B67EE15E36F}.Debug|x86.ActiveCfg = Debug|Any CPU
		{3E77F72E-FC11-4035-8DCE-1B67EE15E36F}.Debug|x86.Build.0 = Debug|Any CPU
		{3E77F72E-FC11-4035-8DCE-1B67EE15E36F}.Release|Any CPU.ActiveCfg = Release|Any CPU
		{3E77F72E-FC11-4035-8DCE-1B67EE15E36F}.Release|Any CPU.Build.0 = Release|Any CPU
		{3E77F72E-FC11-4035-8DCE-1B67EE15E36F}.Release|x64.ActiveCfg = Release|Any CPU
		{3E77F72E-FC11-4035-8DCE-1B67EE15E36F}.Release|x64.Build.0 = Release|Any CPU
		{3E77F72E-FC11-4035-8DCE-1B67EE15E36F}.Release|x86.ActiveCfg = Release|Any CPU
		{3E77F72E-FC11-4035-8DCE-1B67EE15E36F}.Release|x86.Build.0 = Release|Any CPU
		{F85E91F9-B5C0-4A18-B0B7-CFED27D0F859}.Debug|Any CPU.ActiveCfg = Debug|Any CPU
		{F85E91F9-B5C0-4A18-B0B7-CFED27D0F859}.Debug|Any CPU.Build.0 = Debug|Any CPU
		{F85E91F9-B5C0-4A18-B0B7-CFED27D0F859}.Debug|x64.ActiveCfg = Debug|Any CPU
		{F85E91F9-B5C0-4A18-B0B7-CFED27D0F859}.Debug|x64.Build.0 = Debug|Any CPU
		{F85E91F9-B5C0-4A18-B0B7-CFED27D0F859}.Debug|x86.ActiveCfg = Debug|Any CPU
		{F85E91F9-B5C0-4A18-B0B7-CFED27D0F859}.Debug|x86.Build.0 = Debug|Any CPU
		{F85E91F9-B5C0-4A18-B0B7-CFED27D0F859}.Release|Any CPU.ActiveCfg = Release|Any CPU
		{F85E91F9-B5C0-4A18-B0B7-CFED27D0F859}.Release|Any CPU.Build.0 = Release|Any CPU
		{F85E91F9-B5C0-4A18-B0B7-CFED27D0F859}.Release|x64.ActiveCfg = Release|Any CPU
		{F85E91F9-B5C0-4A18-B0B7-CFED27D0F859}.Release|x64.Build.0 = Release|Any CPU
		{F85E91F9-B5C0-4A18-B0B7-CFED27D0F859}.Release|x86.ActiveCfg = Release|Any CPU
		{F85E91F9-B5C0-4A18-B0B7-CFED27D0F859}.Release|x86.Build.0 = Release|Any CPU
		{38B56164-16B9-492B-AAA9-EE60FB4F6699}.Debug|Any CPU.ActiveCfg = Debug|Any CPU
		{38B56164-16B9-492B-AAA9-EE60FB4F6699}.Debug|Any CPU.Build.0 = Debug|Any CPU
		{38B56164-16B9-492B-AAA9-EE60FB4F6699}.Debug|x64.ActiveCfg = Debug|Any CPU
		{38B56164-16B9-492B-AAA9-EE60FB4F6699}.Debug|x64.Build.0 = Debug|Any CPU
		{38B56164-16B9-492B-AAA9-EE60FB4F6699}.Debug|x86.ActiveCfg = Debug|Any CPU
		{38B56164-16B9-492B-AAA9-EE60FB4F6699}.Debug|x86.Build.0 = Debug|Any CPU
		{38B56164-16B9-492B-AAA9-EE60FB4F6699}.Release|Any CPU.ActiveCfg = Release|Any CPU
		{38B56164-16B9-492B-AAA9-EE60FB4F6699}.Release|Any CPU.Build.0 = Release|Any CPU
		{38B56164-16B9-492B-AAA9-EE60FB4F6699}.Release|x64.ActiveCfg = Release|Any CPU
		{38B56164-16B9-492B-AAA9-EE60FB4F6699}.Release|x64.Build.0 = Release|Any CPU
		{38B56164-16B9-492B-AAA9-EE60FB4F6699}.Release|x86.ActiveCfg = Release|Any CPU
		{38B56164-16B9-492B-AAA9-EE60FB4F6699}.Release|x86.Build.0 = Release|Any CPU
		{B7B6753F-70C0-4A9C-AADB-166D4ADD0A66}.Debug|Any CPU.ActiveCfg = Debug|Any CPU
		{B7B6753F-70C0-4A9C-AADB-166D4ADD0A66}.Debug|Any CPU.Build.0 = Debug|Any CPU
		{B7B6753F-70C0-4A9C-AADB-166D4ADD0A66}.Debug|x64.ActiveCfg = Debug|Any CPU
		{B7B6753F-70C0-4A9C-AADB-166D4ADD0A66}.Debug|x64.Build.0 = Debug|Any CPU
		{B7B6753F-70C0-4A9C-AADB-166D4ADD0A66}.Debug|x86.ActiveCfg = Debug|Any CPU
		{B7B6753F-70C0-4A9C-AADB-166D4ADD0A66}.Debug|x86.Build.0 = Debug|Any CPU
		{B7B6753F-70C0-4A9C-AADB-166D4ADD0A66}.Release|Any CPU.ActiveCfg = Release|Any CPU
		{B7B6753F-70C0-4A9C-AADB-166D4ADD0A66}.Release|Any CPU.Build.0 = Release|Any CPU
		{B7B6753F-70C0-4A9C-AADB-166D4ADD0A66}.Release|x64.ActiveCfg = Release|Any CPU
		{B7B6753F-70C0-4A9C-AADB-166D4ADD0A66}.Release|x64.Build.0 = Release|Any CPU
		{B7B6753F-70C0-4A9C-AADB-166D4ADD0A66}.Release|x86.ActiveCfg = Release|Any CPU
		{B7B6753F-70C0-4A9C-AADB-166D4ADD0A66}.Release|x86.Build.0 = Release|Any CPU
	EndGlobalSection
	GlobalSection(SolutionProperties) = preSolution
		HideSolutionNode = FALSE
	EndGlobalSection
EndGlobal
